<?xml version="1.0" encoding="utf-8"?>
<Project ToolsVersion="4.0" xmlns="http://schemas.microsoft.com/developer/msbuild/2003">
  <ItemGroup>
    <Filter Include="hlsl">
      <UniqueIdentifier>{b411e8db-df45-4997-b631-7ff90292074a}</UniqueIdentifier>
    </Filter>
    <Filter Include="src">
      <UniqueIdentifier>{e74dbf4b-bec5-4ef2-b2bf-59021f5a1044}</UniqueIdentifier>
    </Filter>
  </ItemGroup>
  <ItemGroup>
    <ClInclude Include="src\common.hpp">
      <Filter>src</Filter>
    </ClInclude>
    <ClInclude Include="src\gfx.hpp">
      <Filter>src</Filter>
    </ClInclude>
    <ClInclude Include="src\math.hpp">
      <Filter>src</Filter>
    </ClInclude>
    <ClInclude Include="src\model.hpp">
      <Filter>src</Filter>
    </ClInclude>
    <ClInclude Include="src\rdr.hpp">
      <Filter>src</Filter>
    </ClInclude>
    <ClInclude Include="src\input.hpp">
      <Filter>src</Filter>
    </ClInclude>
    <ClInclude Include="src\camera.hpp">
      <Filter>src</Filter>
    </ClInclude>
    <ClInclude Include="src\texture.hpp">
      <Filter>src</Filter>
    </ClInclude>
    <ClInclude Include="src\imgui_impl.hpp">
      <Filter>src</Filter>
    </ClInclude>
    <ClInclude Include="src\hou_geo.hpp">
      <Filter>src</Filter>
    </ClInclude>
    <ClInclude Include="src\sh.hpp">
      <Filter>src</Filter>
    </ClInclude>
    <ClInclude Include="src\rig.hpp">
      <Filter>src</Filter>
    </ClInclude>
    <ClInclude Include="src\json_helpers.hpp">
      <Filter>src</Filter>
    </ClInclude>
    <ClInclude Include="src\anim.hpp">
      <Filter>src</Filter>
    </ClInclude>
    <ClInclude Include="src\assimp_loader.hpp">
      <Filter>src</Filter>
    </ClInclude>
  </ItemGroup>
  <ItemGroup>
    <ClCompile Include="src\main.cpp">
      <Filter>src</Filter>
    </ClCompile>
    <ClCompile Include="src\gfx.cpp">
      <Filter>src</Filter>
    </ClCompile>
    <ClCompile Include="src\model.cpp">
      <Filter>src</Filter>
    </ClCompile>
    <ClCompile Include="src\rdr.cpp">
      <Filter>src</Filter>
    </ClCompile>
    <ClCompile Include="src\common.cpp">
      <Filter>src</Filter>
    </ClCompile>
    <ClCompile Include="src\input.cpp">
      <Filter>src</Filter>
    </ClCompile>
    <ClCompile Include="src\camera.cpp">
      <Filter>src</Filter>
    </ClCompile>
    <ClCompile Include="src\texture.cpp">
      <Filter>src</Filter>
    </ClCompile>
    <ClCompile Include="src\imgui_impl.cpp">
      <Filter>src</Filter>
    </ClCompile>
    <ClCompile Include="src\serialization.cpp">
      <Filter>src</Filter>
    </ClCompile>
    <ClCompile Include="src\hou_geo.cpp">
      <Filter>src</Filter>
    </ClCompile>
    <ClCompile Include="src\rig.cpp">
      <Filter>src</Filter>
    </ClCompile>
    <ClCompile Include="src\json_helpers.cpp">
      <Filter>src</Filter>
    </ClCompile>
    <ClCompile Include="src\math.cpp">
      <Filter>src</Filter>
    </ClCompile>
    <ClCompile Include="src\anim.cpp">
      <Filter>src</Filter>
    </ClCompile>
    <ClCompile Include="src\assimp_loader.cpp">
      <Filter>src</Filter>
    </ClCompile>
  </ItemGroup>
  <ItemGroup>
    <FxCompile Include="hlsl\simple.vs.hlsl">
      <Filter>hlsl</Filter>
    </FxCompile>
    <FxCompile Include="hlsl\simple.ps.hlsl">
      <Filter>hlsl</Filter>
    </FxCompile>
    <FxCompile Include="hlsl\model_solid.vs.hlsl">
      <Filter>hlsl</Filter>
    </FxCompile>
    <FxCompile Include="hlsl\model.ps.hlsl">
      <Filter>hlsl</Filter>
    </FxCompile>
    <FxCompile Include="hlsl\model.hair.ps.hlsl">
      <Filter>hlsl</Filter>
    </FxCompile>
    <FxCompile Include="hlsl\model_skin.vs.hlsl">
      <Filter>hlsl</Filter>
    </FxCompile>
  </ItemGroup>
  <ItemGroup>
    <None Include="hlsl\shader.hlsli">
      <Filter>hlsl</Filter>
    </None>
    <None Include="hlsl\material.hlsli">
      <Filter>hlsl</Filter>
    </None>
    <None Include="hlsl\light.hlsli">
      <Filter>hlsl</Filter>
    </None>
  </ItemGroup>
</Project>